
Microsoft Visual Studio Solution File, Format Version 12.00
# Visual Studio Version 17
VisualStudioVersion = 17.10.35122.118
MinimumVisualStudioVersion = 10.0.40219.1
Project("{9A19103F-16F7-4668-BE54-9A1E7A4F7556}") = "ApiHotelUltraGroup", "ApiHotelUltraGroup.csproj", "{A031632A-A4DD-471A-89DF-6038FCB641D0}"
EndProject
Project("{9A19103F-16F7-4668-BE54-9A1E7A4F7556}") = "Application", "src\Application\Application.csproj", "{61B94EB0-8F4C-4B71-8D22-342E22E6469E}"
EndProject
Project("{9A19103F-16F7-4668-BE54-9A1E7A4F7556}") = "Domain", "src\Domain\Domain.csproj", "{B0BBE981-A5E8-4800-8458-B5B6BF64177E}"
EndProject
Project("{9A19103F-16F7-4668-BE54-9A1E7A4F7556}") = "Infrastructure", "src\Infrastructureç\Infrastructure.csproj", "{2E715B28-9777-488C-AF62-1F41831AFAFB}"
EndProject
Global
	GlobalSection(SolutionConfigurationPlatforms) = preSolution
		Debug|Any CPU = Debug|Any CPU
		Release|Any CPU = Release|Any CPU
	EndGlobalSection
	GlobalSection(ProjectConfigurationPlatforms) = postSolution
		{A031632A-A4DD-471A-89DF-6038FCB641D0}.Debug|Any CPU.ActiveCfg = Debug|Any CPU
		{A031632A-A4DD-471A-89DF-6038FCB641D0}.Debug|Any CPU.Build.0 = Debug|Any CPU
		{A031632A-A4DD-471A-89DF-6038FCB641D0}.Release|Any CPU.ActiveCfg = Release|Any CPU
		{A031632A-A4DD-471A-89DF-6038FCB641D0}.Release|Any CPU.Build.0 = Release|Any CPU
		{61B94EB0-8F4C-4B71-8D22-342E22E6469E}.Debug|Any CPU.ActiveCfg = Debug|Any CPU
		{61B94EB0-8F4C-4B71-8D22-342E22E6469E}.Debug|Any CPU.Build.0 = Debug|Any CPU
		{61B94EB0-8F4C-4B71-8D22-342E22E6469E}.Release|Any CPU.ActiveCfg = Release|Any CPU
		{61B94EB0-8F4C-4B71-8D22-342E22E6469E}.Release|Any CPU.Build.0 = Release|Any CPU
		{B0BBE981-A5E8-4800-8458-B5B6BF64177E}.Debug|Any CPU.ActiveCfg = Debug|Any CPU
		{B0BBE981-A5E8-4800-8458-B5B6BF64177E}.Debug|Any CPU.Build.0 = Debug|Any CPU
		{B0BBE981-A5E8-4800-8458-B5B6BF64177E}.Release|Any CPU.ActiveCfg = Release|Any CPU
		{B0BBE981-A5E8-4800-8458-B5B6BF64177E}.Release|Any CPU.Build.0 = Release|Any CPU
		{2E715B28-9777-488C-AF62-1F41831AFAFB}.Debug|Any CPU.ActiveCfg = Debug|Any CPU
		{2E715B28-9777-488C-AF62-1F41831AFAFB}.Debug|Any CPU.Build.0 = Debug|Any CPU
		{2E715B28-9777-488C-AF62-1F41831AFAFB}.Release|Any CPU.ActiveCfg = Release|Any CPU
		{2E715B28-9777-488C-AF62-1F41831AFAFB}.Release|Any CPU.Build.0 = Release|Any CPU
	EndGlobalSection
	GlobalSection(SolutionProperties) = preSolution
		HideSolutionNode = FALSE
	EndGlobalSection
	GlobalSection(ExtensibilityGlobals) = postSolution
		SolutionGuid = {8F470D19-BF6D-4D6F-80CB-D6A13859FEFC}
	EndGlobalSection
EndGlobal
