
Microsoft Visual Studio Solution File, Format Version 12.00
# Visual Studio Version 17
VisualStudioVersion = 17.10.35122.118
MinimumVisualStudioVersion = 10.0.40219.1
Project("{FAE04EC0-301F-11D3-BF4B-00C04F79EFBC}") = "ApiHotelUltraGroup", "ApiHotelUltraGroup.csproj", "{A031632A-A4DD-471A-89DF-6038FCB641D0}"
EndProject
Project("{FAE04EC0-301F-11D3-BF4B-00C04F79EFBC}") = "Application", "..\Application\Application.csproj", "{0CCC091C-E968-4F0F-8BFA-5B61941C61DD}"
EndProject
Project("{FAE04EC0-301F-11D3-BF4B-00C04F79EFBC}") = "Domain", "..\Domain\Domain.csproj", "{0BF7CB2D-C61E-48A4-AF06-4DBD7BF9D24D}"
EndProject
Project("{FAE04EC0-301F-11D3-BF4B-00C04F79EFBC}") = "Infrastructure", "..\Infrastructureç\Infrastructure.csproj", "{9BD2FD58-1B5F-4C92-8045-6ECA78C33F95}"
EndProject
Global
	GlobalSection(SolutionConfigurationPlatforms) = preSolution
		Debug|Any CPU = Debug|Any CPU
		Release|Any CPU = Release|Any CPU
	EndGlobalSection
	GlobalSection(ProjectConfigurationPlatforms) = postSolution
		{A031632A-A4DD-471A-89DF-6038FCB641D0}.Debug|Any CPU.ActiveCfg = Debug|Any CPU
		{A031632A-A4DD-471A-89DF-6038FCB641D0}.Debug|Any CPU.Build.0 = Debug|Any CPU
		{A031632A-A4DD-471A-89DF-6038FCB641D0}.Release|Any CPU.ActiveCfg = Release|Any CPU
		{A031632A-A4DD-471A-89DF-6038FCB641D0}.Release|Any CPU.Build.0 = Release|Any CPU
		{0CCC091C-E968-4F0F-8BFA-5B61941C61DD}.Debug|Any CPU.ActiveCfg = Debug|Any CPU
		{0CCC091C-E968-4F0F-8BFA-5B61941C61DD}.Debug|Any CPU.Build.0 = Debug|Any CPU
		{0CCC091C-E968-4F0F-8BFA-5B61941C61DD}.Release|Any CPU.ActiveCfg = Release|Any CPU
		{0CCC091C-E968-4F0F-8BFA-5B61941C61DD}.Release|Any CPU.Build.0 = Release|Any CPU
		{0BF7CB2D-C61E-48A4-AF06-4DBD7BF9D24D}.Debug|Any CPU.ActiveCfg = Debug|Any CPU
		{0BF7CB2D-C61E-48A4-AF06-4DBD7BF9D24D}.Debug|Any CPU.Build.0 = Debug|Any CPU
		{0BF7CB2D-C61E-48A4-AF06-4DBD7BF9D24D}.Release|Any CPU.ActiveCfg = Release|Any CPU
		{0BF7CB2D-C61E-48A4-AF06-4DBD7BF9D24D}.Release|Any CPU.Build.0 = Release|Any CPU
		{9BD2FD58-1B5F-4C92-8045-6ECA78C33F95}.Debug|Any CPU.ActiveCfg = Debug|Any CPU
		{9BD2FD58-1B5F-4C92-8045-6ECA78C33F95}.Debug|Any CPU.Build.0 = Debug|Any CPU
		{9BD2FD58-1B5F-4C92-8045-6ECA78C33F95}.Release|Any CPU.ActiveCfg = Release|Any CPU
		{9BD2FD58-1B5F-4C92-8045-6ECA78C33F95}.Release|Any CPU.Build.0 = Release|Any CPU
	EndGlobalSection
	GlobalSection(SolutionProperties) = preSolution
		HideSolutionNode = FALSE
	EndGlobalSection
	GlobalSection(ExtensibilityGlobals) = postSolution
		SolutionGuid = {8F470D19-BF6D-4D6F-80CB-D6A13859FEFC}
	EndGlobalSection
EndGlobal
